
Microsoft Visual Studio Solution File, Format Version 12.00
Project("{FAE04EC0-301F-11D3-BF4B-00C04F79EFBC}") = "WebApi", "src\WebApi\WebApi.csproj", "{98C44500-DD44-48FD-ADED-1972C4094ABB}"
EndProject
Project("{2150E333-8FDC-42A3-9474-1A3956D46DE8}") = "src", "src", "{C059E47A-9573-4DD8-A3A3-8EDF3356F896}"
EndProject
Project("{2150E333-8FDC-42A3-9474-1A3956D46DE8}") = "tests", "tests", "{A0CB65D6-D7DE-43C6-90E8-44F4544A932A}"
EndProject
Project("{FAE04EC0-301F-11D3-BF4B-00C04F79EFBC}") = "Domain", "src\Domain\Domain.csproj", "{60F40F0E-E84B-4B98-A866-3FECED595B08}"
EndProject
Project("{FAE04EC0-301F-11D3-BF4B-00C04F79EFBC}") = "Application", "src\Application\Application.csproj", "{AD9E90E0-F0D3-41DF-BBB7-24BF30C9F7BF}"
EndProject
Project("{FAE04EC0-301F-11D3-BF4B-00C04F79EFBC}") = "Infrastructure", "src\Infrastructure\Infrastructure.csproj", "{F2212B37-109E-4290-855B-D1003B258F5E}"
EndProject
Project("{FAE04EC0-301F-11D3-BF4B-00C04F79EFBC}") = "Domain.UnitTests", "tests\Domain.UnitTests\Domain.UnitTests.csproj", "{C324F8CF-394E-432E-A66C-FC2E6E8868DE}"
EndProject
Global
	GlobalSection(SolutionConfigurationPlatforms) = preSolution
		Debug|Any CPU = Debug|Any CPU
		Release|Any CPU = Release|Any CPU
	EndGlobalSection
	GlobalSection(ProjectConfigurationPlatforms) = postSolution
		{98C44500-DD44-48FD-ADED-1972C4094ABB}.Debug|Any CPU.ActiveCfg = Debug|Any CPU
		{98C44500-DD44-48FD-ADED-1972C4094ABB}.Debug|Any CPU.Build.0 = Debug|Any CPU
		{98C44500-DD44-48FD-ADED-1972C4094ABB}.Release|Any CPU.ActiveCfg = Release|Any CPU
		{98C44500-DD44-48FD-ADED-1972C4094ABB}.Release|Any CPU.Build.0 = Release|Any CPU
		{60F40F0E-E84B-4B98-A866-3FECED595B08}.Debug|Any CPU.ActiveCfg = Debug|Any CPU
		{60F40F0E-E84B-4B98-A866-3FECED595B08}.Debug|Any CPU.Build.0 = Debug|Any CPU
		{60F40F0E-E84B-4B98-A866-3FECED595B08}.Release|Any CPU.ActiveCfg = Release|Any CPU
		{60F40F0E-E84B-4B98-A866-3FECED595B08}.Release|Any CPU.Build.0 = Release|Any CPU
		{AD9E90E0-F0D3-41DF-BBB7-24BF30C9F7BF}.Debug|Any CPU.ActiveCfg = Debug|Any CPU
		{AD9E90E0-F0D3-41DF-BBB7-24BF30C9F7BF}.Debug|Any CPU.Build.0 = Debug|Any CPU
		{AD9E90E0-F0D3-41DF-BBB7-24BF30C9F7BF}.Release|Any CPU.ActiveCfg = Release|Any CPU
		{AD9E90E0-F0D3-41DF-BBB7-24BF30C9F7BF}.Release|Any CPU.Build.0 = Release|Any CPU
		{F2212B37-109E-4290-855B-D1003B258F5E}.Debug|Any CPU.ActiveCfg = Debug|Any CPU
		{F2212B37-109E-4290-855B-D1003B258F5E}.Debug|Any CPU.Build.0 = Debug|Any CPU
		{F2212B37-109E-4290-855B-D1003B258F5E}.Release|Any CPU.ActiveCfg = Release|Any CPU
		{F2212B37-109E-4290-855B-D1003B258F5E}.Release|Any CPU.Build.0 = Release|Any CPU
		{C324F8CF-394E-432E-A66C-FC2E6E8868DE}.Debug|Any CPU.ActiveCfg = Debug|Any CPU
		{C324F8CF-394E-432E-A66C-FC2E6E8868DE}.Debug|Any CPU.Build.0 = Debug|Any CPU
		{C324F8CF-394E-432E-A66C-FC2E6E8868DE}.Release|Any CPU.ActiveCfg = Release|Any CPU
		{C324F8CF-394E-432E-A66C-FC2E6E8868DE}.Release|Any CPU.Build.0 = Release|Any CPU
	EndGlobalSection
	GlobalSection(NestedProjects) = preSolution
		{98C44500-DD44-48FD-ADED-1972C4094ABB} = {C059E47A-9573-4DD8-A3A3-8EDF3356F896}
		{60F40F0E-E84B-4B98-A866-3FECED595B08} = {C059E47A-9573-4DD8-A3A3-8EDF3356F896}
		{AD9E90E0-F0D3-41DF-BBB7-24BF30C9F7BF} = {C059E47A-9573-4DD8-A3A3-8EDF3356F896}
		{F2212B37-109E-4290-855B-D1003B258F5E} = {C059E47A-9573-4DD8-A3A3-8EDF3356F896}
		{C324F8CF-394E-432E-A66C-FC2E6E8868DE} = {A0CB65D6-D7DE-43C6-90E8-44F4544A932A}
	EndGlobalSection
EndGlobal
